
Microsoft Visual Studio Solution File, Format Version 12.00
# Visual Studio Version 16
VisualStudioVersion = 16.0.29920.165
MinimumVisualStudioVersion = 10.0.40219.1
Project("{FAE04EC0-301F-11D3-BF4B-00C04F79EFBC}") = "ValueLabProject", "ValueLabProject\ValueLabProject.csproj", "{16A904A6-AB46-40BD-8778-6E14F0CFEC41}"
EndProject
Global
	GlobalSection(SolutionConfigurationPlatforms) = preSolution
		Debug|Any CPU = Debug|Any CPU
		Release|Any CPU = Release|Any CPU
	EndGlobalSection
	GlobalSection(ProjectConfigurationPlatforms) = postSolution
		{16A904A6-AB46-40BD-8778-6E14F0CFEC41}.Debug|Any CPU.ActiveCfg = Debug|Any CPU
		{16A904A6-AB46-40BD-8778-6E14F0CFEC41}.Debug|Any CPU.Build.0 = Debug|Any CPU
		{16A904A6-AB46-40BD-8778-6E14F0CFEC41}.Release|Any CPU.ActiveCfg = Release|Any CPU
		{16A904A6-AB46-40BD-8778-6E14F0CFEC41}.Release|Any CPU.Build.0 = Release|Any CPU
	EndGlobalSection
	GlobalSection(SolutionProperties) = preSolution
		HideSolutionNode = FALSE
	EndGlobalSection
	GlobalSection(ExtensibilityGlobals) = postSolution
		SolutionGuid = {9C6930C0-EFD8-4CF9-8B5F-F1B58CE3CD2D}
	EndGlobalSection
EndGlobal
